
Microsoft Visual Studio Solution File, Format Version 12.00
# Visual Studio Version 17
VisualStudioVersion = 17.0.31903.59
MinimumVisualStudioVersion = 10.0.40219.1
Project("{FAE04EC0-301F-11D3-BF4B-00C04F79EFBC}") = "Jellyfin.Plugin.MediaIntegrity", "Jellyfin.Plugin.MediaIntegrity.csproj", "{77AF63A1-D3D4-4B27-9B31-801C3C1FB0A0}"
EndProject
Project("{2150E333-8FDC-42A3-9474-1A3956D46DE8}") = "tests", "tests", "{0AB3BF05-4346-4AA6-1389-037BE0695223}"
EndProject
Project("{FAE04EC0-301F-11D3-BF4B-00C04F79EFBC}") = "Jellyfin.Plugin.MediaIntegrity.Tests", "tests\Jellyfin.Plugin.MediaIntegrity.Tests\Jellyfin.Plugin.MediaIntegrity.Tests.csproj", "{1D8A7E23-AE69-4B1C-AF8E-DAC44B96F8AD}"
EndProject
Global
	GlobalSection(SolutionConfigurationPlatforms) = preSolution
		Debug|Any CPU = Debug|Any CPU
		Debug|x64 = Debug|x64
		Debug|x86 = Debug|x86
		Release|Any CPU = Release|Any CPU
		Release|x64 = Release|x64
		Release|x86 = Release|x86
	EndGlobalSection
	GlobalSection(ProjectConfigurationPlatforms) = postSolution
		{77AF63A1-D3D4-4B27-9B31-801C3C1FB0A0}.Debug|Any CPU.ActiveCfg = Debug|Any CPU
		{77AF63A1-D3D4-4B27-9B31-801C3C1FB0A0}.Debug|Any CPU.Build.0 = Debug|Any CPU
		{77AF63A1-D3D4-4B27-9B31-801C3C1FB0A0}.Debug|x64.ActiveCfg = Debug|Any CPU
		{77AF63A1-D3D4-4B27-9B31-801C3C1FB0A0}.Debug|x64.Build.0 = Debug|Any CPU
		{77AF63A1-D3D4-4B27-9B31-801C3C1FB0A0}.Debug|x86.ActiveCfg = Debug|Any CPU
		{77AF63A1-D3D4-4B27-9B31-801C3C1FB0A0}.Debug|x86.Build.0 = Debug|Any CPU
		{77AF63A1-D3D4-4B27-9B31-801C3C1FB0A0}.Release|Any CPU.ActiveCfg = Release|Any CPU
		{77AF63A1-D3D4-4B27-9B31-801C3C1FB0A0}.Release|Any CPU.Build.0 = Release|Any CPU
		{77AF63A1-D3D4-4B27-9B31-801C3C1FB0A0}.Release|x64.ActiveCfg = Release|Any CPU
		{77AF63A1-D3D4-4B27-9B31-801C3C1FB0A0}.Release|x64.Build.0 = Release|Any CPU
		{77AF63A1-D3D4-4B27-9B31-801C3C1FB0A0}.Release|x86.ActiveCfg = Release|Any CPU
		{77AF63A1-D3D4-4B27-9B31-801C3C1FB0A0}.Release|x86.Build.0 = Release|Any CPU
		{1D8A7E23-AE69-4B1C-AF8E-DAC44B96F8AD}.Debug|Any CPU.ActiveCfg = Debug|Any CPU
		{1D8A7E23-AE69-4B1C-AF8E-DAC44B96F8AD}.Debug|Any CPU.Build.0 = Debug|Any CPU
		{1D8A7E23-AE69-4B1C-AF8E-DAC44B96F8AD}.Debug|x64.ActiveCfg = Debug|Any CPU
		{1D8A7E23-AE69-4B1C-AF8E-DAC44B96F8AD}.Debug|x64.Build.0 = Debug|Any CPU
		{1D8A7E23-AE69-4B1C-AF8E-DAC44B96F8AD}.Debug|x86.ActiveCfg = Debug|Any CPU
		{1D8A7E23-AE69-4B1C-AF8E-DAC44B96F8AD}.Debug|x86.Build.0 = Debug|Any CPU
		{1D8A7E23-AE69-4B1C-AF8E-DAC44B96F8AD}.Release|Any CPU.ActiveCfg = Release|Any CPU
		{1D8A7E23-AE69-4B1C-AF8E-DAC44B96F8AD}.Release|Any CPU.Build.0 = Release|Any CPU
		{1D8A7E23-AE69-4B1C-AF8E-DAC44B96F8AD}.Release|x64.ActiveCfg = Release|Any CPU
		{1D8A7E23-AE69-4B1C-AF8E-DAC44B96F8AD}.Release|x64.Build.0 = Release|Any CPU
		{1D8A7E23-AE69-4B1C-AF8E-DAC44B96F8AD}.Release|x86.ActiveCfg = Release|Any CPU
		{1D8A7E23-AE69-4B1C-AF8E-DAC44B96F8AD}.Release|x86.Build.0 = Release|Any CPU
	EndGlobalSection
	GlobalSection(SolutionProperties) = preSolution
		HideSolutionNode = FALSE
	EndGlobalSection
	GlobalSection(NestedProjects) = preSolution
		{1D8A7E23-AE69-4B1C-AF8E-DAC44B96F8AD} = {0AB3BF05-4346-4AA6-1389-037BE0695223}
	EndGlobalSection
EndGlobal
